{
  "pins" : [
    {
      "identity" : "swift-argument-parser",
      "kind" : "remoteSourceControl",
      "location" : "https://github.com/apple/swift-argument-parser.git",
      "state" : {
        "branch" : "main",
        "revision" : "76259ebe8c477ecc4e938d0831aea4c25f9ee3ee"
      }
    }
  ],
  "version" : 2
}
